
Microsoft Visual Studio Solution File, Format Version 12.00
# Visual Studio Version 16
VisualStudioVersion = 16.0.30717.126
MinimumVisualStudioVersion = 10.0.40219.1
Project("{FAE04EC0-301F-11D3-BF4B-00C04F79EFBC}") = "Graphs", "Graphs\Graphs.csproj", "{9965894E-C7CF-45D2-9EF6-9D8D497B64FC}"
EndProject
Global
	GlobalSection(SolutionConfigurationPlatforms) = preSolution
		Debug|Any CPU = Debug|Any CPU
		Release|Any CPU = Release|Any CPU
	EndGlobalSection
	GlobalSection(ProjectConfigurationPlatforms) = postSolution
		{9965894E-C7CF-45D2-9EF6-9D8D497B64FC}.Debug|Any CPU.ActiveCfg = Debug|Any CPU
		{9965894E-C7CF-45D2-9EF6-9D8D497B64FC}.Debug|Any CPU.Build.0 = Debug|Any CPU
		{9965894E-C7CF-45D2-9EF6-9D8D497B64FC}.Release|Any CPU.ActiveCfg = Release|Any CPU
		{9965894E-C7CF-45D2-9EF6-9D8D497B64FC}.Release|Any CPU.Build.0 = Release|Any CPU
	EndGlobalSection
	GlobalSection(SolutionProperties) = preSolution
		HideSolutionNode = FALSE
	EndGlobalSection
	GlobalSection(ExtensibilityGlobals) = postSolution
		SolutionGuid = {2A25CD81-8B4C-4420-B1C1-55C3AC675B79}
	EndGlobalSection
EndGlobal
