
Microsoft Visual Studio Solution File, Format Version 12.00
# Visual Studio Version 16
VisualStudioVersion = 16.0.30717.126
MinimumVisualStudioVersion = 10.0.40219.1
Project("{FAE04EC0-301F-11D3-BF4B-00C04F79EFBC}") = "Queue", "Queue\Queue.csproj", "{A99C87E6-7C6A-4526-B3BF-E88AA3E02ADF}"
EndProject
Global
	GlobalSection(SolutionConfigurationPlatforms) = preSolution
		Debug|Any CPU = Debug|Any CPU
		Release|Any CPU = Release|Any CPU
	EndGlobalSection
	GlobalSection(ProjectConfigurationPlatforms) = postSolution
		{A99C87E6-7C6A-4526-B3BF-E88AA3E02ADF}.Debug|Any CPU.ActiveCfg = Debug|Any CPU
		{A99C87E6-7C6A-4526-B3BF-E88AA3E02ADF}.Debug|Any CPU.Build.0 = Debug|Any CPU
		{A99C87E6-7C6A-4526-B3BF-E88AA3E02ADF}.Release|Any CPU.ActiveCfg = Release|Any CPU
		{A99C87E6-7C6A-4526-B3BF-E88AA3E02ADF}.Release|Any CPU.Build.0 = Release|Any CPU
	EndGlobalSection
	GlobalSection(SolutionProperties) = preSolution
		HideSolutionNode = FALSE
	EndGlobalSection
	GlobalSection(ExtensibilityGlobals) = postSolution
		SolutionGuid = {77BA43F5-79FB-43F4-9EB0-E1E280321DCE}
	EndGlobalSection
EndGlobal
